{
  "requires": true,
  "lockfileVersion": 1,
  "dependencies": {
    "@angular/forms": {
      "version": "6.1.4",
      "resolved": "https://registry.npmjs.org/@angular/forms/-/forms-6.1.4.tgz",
      "integrity": "sha512-O/rYF36zM15fbXPv4Tj7NlYiCazko6+Eb4o9Ls0nJXMOxt8pRwdYjgGMaOtYprtbH89YlnmJU/gav5Z58JG7sw==",
      "requires": {
        "tslib": "^1.9.0"
      }
    },
    "angular-6-datatable": {
      "version": "0.8.0",
      "resolved": "https://registry.npmjs.org/angular-6-datatable/-/angular-6-datatable-0.8.0.tgz",
      "integrity": "sha512-MuxfFQ4jpbLVjyNrOtecwLd+dgizsr3PAQU2Kumacce7W8ibdjgenMIGoEsIobv6aZwRKYiYW5i1guRmpEgOgg==",
      "requires": {
        "lodash": "^4.0.0"
      }
    },
    "bootstrap": {
      "version": "4.1.3",
      "resolved": "https://registry.npmjs.org/bootstrap/-/bootstrap-4.1.3.tgz",
      "integrity": "sha512-rDFIzgXcof0jDyjNosjv4Sno77X4KuPeFxG2XZZv1/Kc8DRVGVADdoQyyOVDwPqL36DDmtCQbrpMCqvpPLJQ0w=="
    },
    "jquery": {
      "version": "3.3.1",
      "resolved": "https://registry.npmjs.org/jquery/-/jquery-3.3.1.tgz",
      "integrity": "sha512-Ubldcmxp5np52/ENotGxlLe6aGMvmF4R8S6tZjsP6Knsaxd/xp3Zrh50cG93lR6nPXyUFwzN3ZSOQI0wRJNdGg=="
    },
    "lodash": {
      "version": "4.17.10",
      "resolved": "https://registry.npmjs.org/lodash/-/lodash-4.17.10.tgz",
      "integrity": "sha512-UejweD1pDoXu+AD825lWwp4ZGtSwgnpZxb3JDViD7StjQz+Nb/6l093lx4OQ0foGWNRoc19mWy7BzL+UAK2iVg=="
    },
    "moment": {
      "version": "2.18.1",
      "resolved": "https://registry.npmjs.org/moment/-/moment-2.18.1.tgz",
      "integrity": "sha1-w2GT3Tzhwu7SrbfIAtu8d6gbHA8="
    },
    "ng-bootstrap": {
      "version": "1.6.3",
      "resolved": "https://registry.npmjs.org/ng-bootstrap/-/ng-bootstrap-1.6.3.tgz",
      "integrity": "sha1-1B/UIVTAWTQiy4PEc6OCiqdSW/U=",
      "requires": {
        "moment": "2.18.1"
      }
    },
    "popper.js": {
      "version": "1.14.4",
      "resolved": "https://registry.npmjs.org/popper.js/-/popper.js-1.14.4.tgz",
      "integrity": "sha1-juwdj/AqWjoVLdQ0FKFce3n9abY="
    },
    "rellax": {
      "version": "1.6.2",
      "resolved": "https://registry.npmjs.org/rellax/-/rellax-1.6.2.tgz",
      "integrity": "sha512-JVHA7Stzxfc9XB7HTLfl9SgbFSKKdAMYUOkRlijaK7XGiYZ28L7gmXOVLRTN6z2F9v/ybWyMf3er0mlkaNJtmA=="
    },
    "rxjs": {
      "version": "6.2.2",
      "resolved": "https://registry.npmjs.org/rxjs/-/rxjs-6.2.2.tgz",
      "integrity": "sha512-0MI8+mkKAXZUF9vMrEoPnaoHkfzBPP4IGwUYRJhIRJF6/w3uByO1e91bEHn8zd43RdkTMKiooYKmwz7RH6zfOQ==",
      "requires": {
        "tslib": "^1.9.0"
      }
    },
    "tslib": {
      "version": "1.9.3",
      "resolved": "https://registry.npmjs.org/tslib/-/tslib-1.9.3.tgz",
      "integrity": "sha512-4krF8scpejhaOgqzBEcGM7yDIEfi0/8+8zDRZhNZZ2kjmHJ4hv3zCbQWxoJGz1iw5U0Jl0nma13xzHXcncMavQ=="
    }
  }
}
